{
	"name": "airrohr-prediction",
	"version": "0.0.0",
	"lockfileVersion": 1,
	"requires": true,
	"dependencies": {
		"distributions": {
			"version": "1.0.0",
			"resolved": "https://registry.npmjs.org/distributions/-/distributions-1.0.0.tgz",
			"integrity": "sha1-FkZuZ2338xGSmUHT1/AgEEZmcak=",
			"requires": {
				"mathfn": "1.0.0"
			}
		},
		"encoding": {
			"version": "0.1.12",
			"resolved": "https://registry.npmjs.org/encoding/-/encoding-0.1.12.tgz",
			"integrity": "sha1-U4tm8+5izRq1HsMjgp0flIDHS+s=",
			"requires": {
				"iconv-lite": "0.4.18"
			}
		},
		"fetch-ponyfill": {
			"version": "4.1.0",
			"resolved": "https://registry.npmjs.org/fetch-ponyfill/-/fetch-ponyfill-4.1.0.tgz",
			"integrity": "sha1-rjzl9zLGReq4fkroeTQUcJsjmJM=",
			"requires": {
				"node-fetch": "1.7.2"
			}
		},
		"iconv-lite": {
			"version": "0.4.18",
			"resolved": "https://registry.npmjs.org/iconv-lite/-/iconv-lite-0.4.18.tgz",
			"integrity": "sha512-sr1ZQph3UwHTR0XftSbK85OvBbxe/abLGzEnPENCQwmHf7sck8Oyu4ob3LgBxWWxRoM+QszeUyl7jbqapu2TqA=="
		},
		"is-stream": {
			"version": "1.1.0",
			"resolved": "https://registry.npmjs.org/is-stream/-/is-stream-1.1.0.tgz",
			"integrity": "sha1-EtSj3U5o4Lec6428hBc66A2RykQ="
		},
		"lodash.isnumber": {
			"version": "3.0.3",
			"resolved": "https://registry.npmjs.org/lodash.isnumber/-/lodash.isnumber-3.0.3.tgz",
			"integrity": "sha1-POdoEMWSjQM1IwGsKHMX8RwLH/w=",
			"dev": true
		},
		"lodash.round": {
			"version": "4.0.4",
			"resolved": "https://registry.npmjs.org/lodash.round/-/lodash.round-4.0.4.tgz",
			"integrity": "sha1-EBtrpcbOzJmPKrvoC2Apr/0l0mI="
		},
		"mathfn": {
			"version": "1.0.0",
			"resolved": "https://registry.npmjs.org/mathfn/-/mathfn-1.0.0.tgz",
			"integrity": "sha1-6qYPKqgtZ8eUkBh0i3S3BgOID64="
		},
		"node-fetch": {
			"version": "1.7.2",
			"resolved": "https://registry.npmjs.org/node-fetch/-/node-fetch-1.7.2.tgz",
			"integrity": "sha512-xZZUq2yDhKMIn/UgG5q//IZSNLJIwW2QxS14CNH5spuiXkITM2pUitjdq58yLSaU7m4M0wBNaM2Gh/ggY4YJig==",
			"requires": {
				"encoding": "0.1.12",
				"is-stream": "1.1.0"
			}
		},
		"pinkie": {
			"version": "2.0.4",
			"resolved": "https://registry.npmjs.org/pinkie/-/pinkie-2.0.4.tgz",
			"integrity": "sha1-clVrgM+g1IqXToDnckjoDtT3+HA="
		},
		"pinkie-promise": {
			"version": "2.0.1",
			"resolved": "https://registry.npmjs.org/pinkie-promise/-/pinkie-promise-2.0.1.tgz",
			"integrity": "sha1-ITXW36ejWMBprJsXh3YogihFD/o=",
			"requires": {
				"pinkie": "2.0.4"
			}
		},
		"statistics": {
			"version": "3.3.0",
			"resolved": "https://registry.npmjs.org/statistics/-/statistics-3.3.0.tgz",
			"integrity": "sha1-7HtHUP8DqySmTdmzV6eDFr6teKo="
		}
	}
}
